
Microsoft Visual Studio Solution File, Format Version 12.00
# Visual Studio Version 16
VisualStudioVersion = 16.0.29920.165
MinimumVisualStudioVersion = 10.0.40219.1
Project("{FAE04EC0-301F-11D3-BF4B-00C04F79EFBC}") = "ML_Test", "ML_Test\ML_Test.csproj", "{4689BAD2-7FA6-4971-8655-3F8E7D5947AE}"
EndProject
Project("{9A19103F-16F7-4668-BE54-9A1E7A4F7556}") = "ML_TestML.Model", "ML_TestML.Model\ML_TestML.Model.csproj", "{C657F179-33CC-407F-9507-E6B34E77FAAC}"
EndProject
Project("{9A19103F-16F7-4668-BE54-9A1E7A4F7556}") = "ML_TestML.ConsoleApp", "ML_TestML.ConsoleApp\ML_TestML.ConsoleApp.csproj", "{018BEDED-5950-48AF-9462-CAE227C94E92}"
EndProject
Global
	GlobalSection(SolutionConfigurationPlatforms) = preSolution
		Debug|Any CPU = Debug|Any CPU
		Release|Any CPU = Release|Any CPU
	EndGlobalSection
	GlobalSection(ProjectConfigurationPlatforms) = postSolution
		{4689BAD2-7FA6-4971-8655-3F8E7D5947AE}.Debug|Any CPU.ActiveCfg = Debug|Any CPU
		{4689BAD2-7FA6-4971-8655-3F8E7D5947AE}.Debug|Any CPU.Build.0 = Debug|Any CPU
		{4689BAD2-7FA6-4971-8655-3F8E7D5947AE}.Release|Any CPU.ActiveCfg = Release|Any CPU
		{4689BAD2-7FA6-4971-8655-3F8E7D5947AE}.Release|Any CPU.Build.0 = Release|Any CPU
		{C657F179-33CC-407F-9507-E6B34E77FAAC}.Debug|Any CPU.ActiveCfg = Debug|Any CPU
		{C657F179-33CC-407F-9507-E6B34E77FAAC}.Debug|Any CPU.Build.0 = Debug|Any CPU
		{C657F179-33CC-407F-9507-E6B34E77FAAC}.Release|Any CPU.ActiveCfg = Release|Any CPU
		{C657F179-33CC-407F-9507-E6B34E77FAAC}.Release|Any CPU.Build.0 = Release|Any CPU
		{018BEDED-5950-48AF-9462-CAE227C94E92}.Debug|Any CPU.ActiveCfg = Debug|Any CPU
		{018BEDED-5950-48AF-9462-CAE227C94E92}.Debug|Any CPU.Build.0 = Debug|Any CPU
		{018BEDED-5950-48AF-9462-CAE227C94E92}.Release|Any CPU.ActiveCfg = Release|Any CPU
		{018BEDED-5950-48AF-9462-CAE227C94E92}.Release|Any CPU.Build.0 = Release|Any CPU
	EndGlobalSection
	GlobalSection(SolutionProperties) = preSolution
		HideSolutionNode = FALSE
	EndGlobalSection
	GlobalSection(ExtensibilityGlobals) = postSolution
		SolutionGuid = {9E255375-82EF-4CFF-ADC6-7A97CCDDAB60}
	EndGlobalSection
EndGlobal
